
Microsoft Visual Studio Solution File, Format Version 12.00
# Visual Studio Version 17
VisualStudioVersion = 17.10.34916.146
MinimumVisualStudioVersion = 10.0.40219.1
Project("{FAE04EC0-301F-11D3-BF4B-00C04F79EFBC}") = "BlazorApp3", "BlazorApp3\BlazorApp3.csproj", "{04189712-8C11-41A1-931B-1ECEBBC58D6E}"
EndProject
Global
	GlobalSection(SolutionConfigurationPlatforms) = preSolution
		Debug|Any CPU = Debug|Any CPU
		Release|Any CPU = Release|Any CPU
	EndGlobalSection
	GlobalSection(ProjectConfigurationPlatforms) = postSolution
		{04189712-8C11-41A1-931B-1ECEBBC58D6E}.Debug|Any CPU.ActiveCfg = Debug|Any CPU
		{04189712-8C11-41A1-931B-1ECEBBC58D6E}.Debug|Any CPU.Build.0 = Debug|Any CPU
		{04189712-8C11-41A1-931B-1ECEBBC58D6E}.Release|Any CPU.ActiveCfg = Release|Any CPU
		{04189712-8C11-41A1-931B-1ECEBBC58D6E}.Release|Any CPU.Build.0 = Release|Any CPU
	EndGlobalSection
	GlobalSection(SolutionProperties) = preSolution
		HideSolutionNode = FALSE
	EndGlobalSection
	GlobalSection(ExtensibilityGlobals) = postSolution
		SolutionGuid = {B2835FDC-BD84-4DFD-951A-14B5C6680CD9}
	EndGlobalSection
EndGlobal
